
Microsoft Visual Studio Solution File, Format Version 12.00
# Visual Studio Version 17
VisualStudioVersion = 17.6.33829.357
MinimumVisualStudioVersion = 10.0.40219.1
Project("{9A19103F-16F7-4668-BE54-9A1E7A4F7556}") = "TournamentAPI", "TournamentAPI.csproj", "{461045F1-659D-44CF-B1A4-697D3F66466F}"
EndProject
Global
	GlobalSection(SolutionConfigurationPlatforms) = preSolution
		Debug|Any CPU = Debug|Any CPU
		Release|Any CPU = Release|Any CPU
	EndGlobalSection
	GlobalSection(ProjectConfigurationPlatforms) = postSolution
		{461045F1-659D-44CF-B1A4-697D3F66466F}.Debug|Any CPU.ActiveCfg = Debug|Any CPU
		{461045F1-659D-44CF-B1A4-697D3F66466F}.Debug|Any CPU.Build.0 = Debug|Any CPU
		{461045F1-659D-44CF-B1A4-697D3F66466F}.Release|Any CPU.ActiveCfg = Release|Any CPU
		{461045F1-659D-44CF-B1A4-697D3F66466F}.Release|Any CPU.Build.0 = Release|Any CPU
	EndGlobalSection
	GlobalSection(SolutionProperties) = preSolution
		HideSolutionNode = FALSE
	EndGlobalSection
	GlobalSection(ExtensibilityGlobals) = postSolution
		SolutionGuid = {B0B41A69-1405-4BD5-A3D1-05D2777DE399}
	EndGlobalSection
EndGlobal
